
Microsoft Visual Studio Solution File, Format Version 12.00
Project("{FAE04EC0-301F-11D3-BF4B-00C04F79EFBC}") = "Jobify.Common", "Jobify.Common\Jobify.Common.csproj", "{26B572DA-2FB5-4F47-80FD-E0BBB7132B82}"
EndProject
Project("{FAE04EC0-301F-11D3-BF4B-00C04F79EFBC}") = "Jobify.Domain", "Jobify.Domain\Jobify.Domain.csproj", "{9DD34C67-D71A-4219-921C-0EFC1816FB73}"
EndProject
Project("{FAE04EC0-301F-11D3-BF4B-00C04F79EFBC}") = "Jobify.Api", "Jobify.Api\Jobify.Api.csproj", "{7F30437B-BE33-4E84-9D1E-5E131B7BA6B6}"
EndProject
Project("{FAE04EC0-301F-11D3-BF4B-00C04F79EFBC}") = "Jobify.Dto", "Jobify.Dto\Jobify.Dto.csproj", "{AC02C569-0DAC-4284-8F37-E3686808B5DE}"
EndProject
Global
	GlobalSection(SolutionConfigurationPlatforms) = preSolution
		Debug|Any CPU = Debug|Any CPU
		Release|Any CPU = Release|Any CPU
	EndGlobalSection
	GlobalSection(ProjectConfigurationPlatforms) = postSolution
		{26B572DA-2FB5-4F47-80FD-E0BBB7132B82}.Debug|Any CPU.ActiveCfg = Debug|Any CPU
		{26B572DA-2FB5-4F47-80FD-E0BBB7132B82}.Debug|Any CPU.Build.0 = Debug|Any CPU
		{26B572DA-2FB5-4F47-80FD-E0BBB7132B82}.Release|Any CPU.ActiveCfg = Release|Any CPU
		{26B572DA-2FB5-4F47-80FD-E0BBB7132B82}.Release|Any CPU.Build.0 = Release|Any CPU
		{9DD34C67-D71A-4219-921C-0EFC1816FB73}.Debug|Any CPU.ActiveCfg = Debug|Any CPU
		{9DD34C67-D71A-4219-921C-0EFC1816FB73}.Debug|Any CPU.Build.0 = Debug|Any CPU
		{9DD34C67-D71A-4219-921C-0EFC1816FB73}.Release|Any CPU.ActiveCfg = Release|Any CPU
		{9DD34C67-D71A-4219-921C-0EFC1816FB73}.Release|Any CPU.Build.0 = Release|Any CPU
		{7F30437B-BE33-4E84-9D1E-5E131B7BA6B6}.Debug|Any CPU.ActiveCfg = Debug|Any CPU
		{7F30437B-BE33-4E84-9D1E-5E131B7BA6B6}.Debug|Any CPU.Build.0 = Debug|Any CPU
		{7F30437B-BE33-4E84-9D1E-5E131B7BA6B6}.Release|Any CPU.ActiveCfg = Release|Any CPU
		{7F30437B-BE33-4E84-9D1E-5E131B7BA6B6}.Release|Any CPU.Build.0 = Release|Any CPU
		{AC02C569-0DAC-4284-8F37-E3686808B5DE}.Debug|Any CPU.ActiveCfg = Debug|Any CPU
		{AC02C569-0DAC-4284-8F37-E3686808B5DE}.Debug|Any CPU.Build.0 = Debug|Any CPU
		{AC02C569-0DAC-4284-8F37-E3686808B5DE}.Release|Any CPU.ActiveCfg = Release|Any CPU
		{AC02C569-0DAC-4284-8F37-E3686808B5DE}.Release|Any CPU.Build.0 = Release|Any CPU
	EndGlobalSection
EndGlobal
